// !$*UTF8*$!
{
	archiveVersion = 1;
	classes = {
	};
	objectVersion = 46;
	objects = {

/* Begin PBXBuildFile section */
		FB9CB4401E722E6C00F1BFA0 /* ListadoTableViewController.swift in Sources */ = {isa = PBXBuildFile; fileRef = FB9CB43F1E722E6C00F1BFA0 /* ListadoTableViewController.swift */; };
		FBB62F061E722794000602C0 /* AppDelegate.swift in Sources */ = {isa = PBXBuildFile; fileRef = FBB62F051E722794000602C0 /* AppDelegate.swift */; };
		FBB62F081E722794000602C0 /* ViewController.swift in Sources */ = {isa = PBXBuildFile; fileRef = FBB62F071E722794000602C0 /* ViewController.swift */; };
		FBB62F0B1E722794000602C0 /* Main.storyboard in Resources */ = {isa = PBXBuildFile; fileRef = FBB62F091E722794000602C0 /* Main.storyboard */; };
		FBB62F0D1E722794000602C0 /* Assets.xcassets in Resources */ = {isa = PBXBuildFile; fileRef = FBB62F0C1E722794000602C0 /* Assets.xcassets */; };
		FBB62F101E722794000602C0 /* LaunchScreen.storyboard in Resources */ = {isa = PBXBuildFile; fileRef = FBB62F0E1E722794000602C0 /* LaunchScreen.storyboard */; };
/* End PBXBuildFile section */

/* Begin PBXFileReference section */
		FB9CB43F1E722E6C00F1BFA0 /* ListadoTableViewController.swift */ = {isa = PBXFileReference; fileEncoding = 4; lastKnownFileType = sourcecode.swift; path = ListadoTableViewController.swift; sourceTree = "<group>"; };
		FBB62F021E722794000602C0 /* Gestures en IOS.app */ = {isa = PBXFileReference; explicitFileType = wrapper.application; includeInIndex = 0; path = "Gestures en IOS.app"; sourceTree = BUILT_PRODUCTS_DIR; };
		FBB62F051E722794000602C0 /* AppDelegate.swift */ = {isa = PBXFileReference; lastKnownFileType = sourcecode.swift; path = AppDelegate.swift; sourceTree = "<group>"; };
		FBB62F071E722794000602C0 /* ViewController.swift */ = {isa = PBXFileReference; lastKnownFileType = sourcecode.swift; path = ViewController.swift; sourceTree = "<group>"; };
		FBB62F0A1E722794000602C0 /* Base */ = {isa = PBXFileReference; lastKnownFileType = file.storyboard; name = Base; path = Base.lproj/Main.storyboard; sourceTree = "<group>"; };
		FBB62F0C1E722794000602C0 /* Assets.xcassets */ = {isa = PBXFileReference; lastKnownFileType = folder.assetcatalog; path = Assets.xcassets; sourceTree = "<group>"; };
		FBB62F0F1E722794000602C0 /* Base */ = {isa = PBXFileReference; lastKnownFileType = file.storyboard; name = Base; path = Base.lproj/LaunchScreen.storyboard; sourceTree = "<group>"; };
		FBB62F111E722794000602C0 /* Info.plist */ = {isa = PBXFileReference; lastKnownFileType = text.plist.xml; path = Info.plist; sourceTree = "<group>"; };
/* End PBXFileReference section */

/* Begin PBXFrameworksBuildPhase section */
		FBB62EFF1E722794000602C0 /* Frameworks */ = {
			isa = PBXFrameworksBuildPhase;
			buildActionMask = 2147483647;
			files = (
			);
			runOnlyForDeploymentPostprocessing = 0;
		};
/* End PBXFrameworksBuildPhase section */

/* Begin PBXGroup section */
		FBB62EF91E722794000602C0 = {
			isa = PBXGroup;
			children = (
				FBB62F041E722794000602C0 /* Gestures en IOS */,
				FBB62F031E722794000602C0 /* Products */,
			);
			sourceTree = "<group>";
		};
		FBB62F031E722794000602C0 /* Products */ = {
			isa = PBXGroup;
			children = (
				FBB62F021E722794000602C0 /* Gestures en IOS.app */,
			);
			name = Products;
			sourceTree = "<group>";
		};
		FBB62F041E722794000602C0 /* Gestures en IOS */ = {
			isa = PBXGroup;
			children = (
				FBB62F051E722794000602C0 /* AppDelegate.swift */,
				FBB62F071E722794000602C0 /* ViewController.swift */,
				FBB62F091E722794000602C0 /* Main.storyboard */,
				FBB62F0C1E722794000602C0 /* Assets.xcassets */,
				FBB62F0E1E722794000602C0 /* LaunchScreen.storyboard */,
				FBB62F111E722794000602C0 /* Info.plist */,
				FB9CB43F1E722E6C00F1BFA0 /* ListadoTableViewController.swift */,
			);
			path = "Gestures en IOS";
			sourceTree = "<group>";
		};
/* End PBXGroup section */

/* Begin PBXNativeTarget section */
		FBB62F011E722794000602C0 /* Gestures en IOS */ = {
			isa = PBXNativeTarget;
			buildConfigurationList = FBB62F141E722794000602C0 /* Build configuration list for PBXNativeTarget "Gestures en IOS" */;
			buildPhases = (
				FBB62EFE1E722794000602C0 /* Sources */,
				FBB62EFF1E722794000602C0 /* Frameworks */,
				FBB62F001E722794000602C0 /* Resources */,
			);
			buildRules = (
			);
			dependencies = (
			);
			name = "Gestures en IOS";
			productName = "Gestures en IOS";
			productReference = FBB62F021E722794000602C0 /* Gestures en IOS.app */;
			productType = "com.apple.product-type.application";
		};
/* End PBXNativeTarget section */

/* Begin PBXProject section */
		FBB62EFA1E722794000602C0 /* Project object */ = {
			isa = PBXProject;
			attributes = {
				LastSwiftUpdateCheck = 0800;
				LastUpgradeCheck = 0800;
				ORGANIZATIONNAME = "Jorge Luis Limo";
				TargetAttributes = {
					FBB62F011E722794000602C0 = {
						CreatedOnToolsVersion = 8.0;
						DevelopmentTeam = 57F8A23TS2;
						ProvisioningStyle = Automatic;
					};
				};
			};
			buildConfigurationList = FBB62EFD1E722794000602C0 /* Build configuration list for PBXProject "Gestures en IOS" */;
			compatibilityVersion = "Xcode 3.2";
			developmentRegion = English;
			hasScannedForEncodings = 0;
			knownRegions = (
				en,
				Base,
			);
			mainGroup = FBB62EF91E722794000602C0;
			productRefGroup = FBB62F031E722794000602C0 /* Products */;
			projectDirPath = "";
			projectRoot = "";
			targets = (
				FBB62F011E722794000602C0 /* Gestures en IOS */,
			);
		};
/* End PBXProject section */

/* Begin PBXResourcesBuildPhase section */
		FBB62F001E722794000602C0 /* Resources */ = {
			isa = PBXResourcesBuildPhase;
			buildActionMask = 2147483647;
			files = (
				FBB62F101E722794000602C0 /* LaunchScreen.storyboard in Resources */,
				FBB62F0D1E722794000602C0 /* Assets.xcassets in Resources */,
				FBB62F0B1E722794000602C0 /* Main.storyboard in Resources */,
			);
			runOnlyForDeploymentPostprocessing = 0;
		};
/* End PBXResourcesBuildPhase section */

/* Begin PBXSourcesBuildPhase section */
		FBB62EFE1E722794000602C0 /* Sources */ = {
			isa = PBXSourcesBuildPhase;
			buildActionMask = 2147483647;
			files = (
				FB9CB4401E722E6C00F1BFA0 /* ListadoTableViewController.swift in Sources */,
				FBB62F081E722794000602C0 /* ViewController.swift in Sources */,
				FBB62F061E722794000602C0 /* AppDelegate.swift in Sources */,
			);
			runOnlyForDeploymentPostprocessing = 0;
		};
/* End PBXSourcesBuildPhase section */

/* Begin PBXVariantGroup section */
		FBB62F091E722794000602C0 /* Main.storyboard */ = {
			isa = PBXVariantGroup;
			children = (
				FBB62F0A1E722794000602C0 /* Base */,
			);
			name = Main.storyboard;
			sourceTree = "<group>";
		};
		FBB62F0E1E722794000602C0 /* LaunchScreen.storyboard */ = {
			isa = PBXVariantGroup;
			children = (
				FBB62F0F1E722794000602C0 /* Base */,
			);
			name = LaunchScreen.storyboard;
			sourceTree = "<group>";
		};
/* End PBXVariantGroup section */

/* Begin XCBuildConfiguration section */
		FBB62F121E722794000602C0 /* Debug */ = {
			isa = XCBuildConfiguration;
			buildSettings = {
				ALWAYS_SEARCH_USER_PATHS = NO;
				CLANG_ANALYZER_NONNULL = YES;
				CLANG_CXX_LANGUAGE_STANDARD = "gnu++0x";
				CLANG_CXX_LIBRARY = "libc++";
				CLANG_ENABLE_MODULES = YES;
				CLANG_ENABLE_OBJC_ARC = YES;
				CLANG_WARN_BOOL_CONVERSION = YES;
				CLANG_WARN_CONSTANT_CONVERSION = YES;
				CLANG_WARN_DIRECT_OBJC_ISA_USAGE = YES_ERROR;
				CLANG_WARN_DOCUMENTATION_COMMENTS = YES;
				CLANG_WARN_EMPTY_BODY = YES;
				CLANG_WARN_ENUM_CONVERSION = YES;
				CLANG_WARN_INFINITE_RECURSION = YES;
				CLANG_WARN_INT_CONVERSION = YES;
				CLANG_WARN_OBJC_ROOT_CLASS = YES_ERROR;
				CLANG_WARN_SUSPICIOUS_MOVES = YES;
				CLANG_WARN_UNREACHABLE_CODE = YES;
				CLANG_WARN__DUPLICATE_METHOD_MATCH = YES;
				"CODE_SIGN_IDENTITY[sdk=iphoneos*]" = "iPhone Developer";
				COPY_PHASE_STRIP = NO;
				DEBUG_INFORMATION_FORMAT = dwarf;
				ENABLE_STRICT_OBJC_MSGSEND = YES;
				ENABLE_TESTABILITY = YES;
				GCC_C_LANGUAGE_STANDARD = gnu99;
				GCC_DYNAMIC_NO_PIC = NO;
				GCC_NO_COMMON_BLOCKS = YES;
				GCC_OPTIMIZATION_LEVEL = 0;
				GCC_PREPROCESSOR_DEFINITIONS = (
					"DEBUG=1",
					"$(inherited)",
				);
				GCC_WARN_64_TO_32_BIT_CONVERSION = YES;
				GCC_WARN_ABOUT_RETURN_TYPE = YES_ERROR;
				GCC_WARN_UNDECLARED_SELECTOR = YES;
				GCC_WARN_UNINITIALIZED_AUTOS = YES_AGGRESSIVE;
				GCC_WARN_UNUSED_FUNCTION = YES;
				GCC_WARN_UNUSED_VARIABLE = YES;
				IPHONEOS_DEPLOYMENT_TARGET = 10.0;
				MTL_ENABLE_DEBUG_INFO = YES;
				ONLY_ACTIVE_ARCH = YES;
				SDKROOT = iphoneos;
				SWIFT_ACTIVE_COMPILATION_CONDITIONS = DEBUG;
				SWIFT_OPTIMIZATION_LEVEL = "-Onone";
				TARGETED_DEVICE_FAMILY = "1,2";
			};
			name = Debug;
		};
		FBB62F131E722794000602C0 /* Release */ = {
			isa = XCBuildConfiguration;
			buildSettings = {
				ALWAYS_SEARCH_USER_PATHS = NO;
				CLANG_ANALYZER_NONNULL = YES;
				CLANG_CXX_LANGUAGE_STANDARD = "gnu++0x";
				CLANG_CXX_LIBRARY = "libc++";
				CLANG_ENABLE_MODULES = YES;
				CLANG_ENABLE_OBJC_ARC = YES;
				CLANG_WARN_BOOL_CONVERSION = YES;
				CLANG_WARN_CONSTANT_CONVERSION = YES;
				CLANG_WARN_DIRECT_OBJC_ISA_USAGE = YES_ERROR;
				CLANG_WARN_DOCUMENTATION_COMMENTS = YES;
				CLANG_WARN_EMPTY_BODY = YES;
				CLANG_WARN_ENUM_CONVERSION = YES;
				CLANG_WARN_INFINITE_RECURSION = YES;
				CLANG_WARN_INT_CONVERSION = YES;
				CLANG_WARN_OBJC_ROOT_CLASS = YES_ERROR;
				CLANG_WARN_SUSPICIOUS_MOVES = YES;
				CLANG_WARN_UNREACHABLE_CODE = YES;
				CLANG_WARN__DUPLICATE_METHOD_MATCH = YES;
				"CODE_SIGN_IDENTITY[sdk=iphoneos*]" = "iPhone Developer";
				COPY_PHASE_STRIP = NO;
				DEBUG_INFORMATION_FORMAT = "dwarf-with-dsym";
				ENABLE_NS_ASSERTIONS = NO;
				ENABLE_STRICT_OBJC_MSGSEND = YES;
				GCC_C_LANGUAGE_STANDARD = gnu99;
				GCC_NO_COMMON_BLOCKS = YES;
				GCC_WARN_64_TO_32_BIT_CONVERSION = YES;
				GCC_WARN_ABOUT_RETURN_TYPE = YES_ERROR;
				GCC_WARN_UNDECLARED_SELECTOR = YES;
				GCC_WARN_UNINITIALIZED_AUTOS = YES_AGGRESSIVE;
				GCC_WARN_UNUSED_FUNCTION = YES;
				GCC_WARN_UNUSED_VARIABLE = YES;
				IPHONEOS_DEPLOYMENT_TARGET = 10.0;
				MTL_ENABLE_DEBUG_INFO = NO;
				SDKROOT = iphoneos;
				SWIFT_OPTIMIZATION_LEVEL = "-Owholemodule";
				TARGETED_DEVICE_FAMILY = "1,2";
				VALIDATE_PRODUCT = YES;
			};
			name = Release;
		};
		FBB62F151E722794000602C0 /* Debug */ = {
			isa = XCBuildConfiguration;
			buildSettings = {
				ASSETCATALOG_COMPILER_APPICON_NAME = AppIcon;
				DEVELOPMENT_TEAM = 57F8A23TS2;
				INFOPLIST_FILE = "Gestures en IOS/Info.plist";
				IPHONEOS_DEPLOYMENT_TARGET = 9.3;
				LD_RUNPATH_SEARCH_PATHS = "$(inherited) @executable_path/Frameworks";
				PRODUCT_BUNDLE_IDENTIFIER = "pe.ourlimm.Gestures-en-IOS";
				PRODUCT_NAME = "$(TARGET_NAME)";
				SWIFT_VERSION = 3.0;
			};
			name = Debug;
		};
		FBB62F161E722794000602C0 /* Release */ = {
			isa = XCBuildConfiguration;
			buildSettings = {
				ASSETCATALOG_COMPILER_APPICON_NAME = AppIcon;
				DEVELOPMENT_TEAM = 57F8A23TS2;
				INFOPLIST_FILE = "Gestures en IOS/Info.plist";
				IPHONEOS_DEPLOYMENT_TARGET = 9.3;
				LD_RUNPATH_SEARCH_PATHS = "$(inherited) @executable_path/Frameworks";
				PRODUCT_BUNDLE_IDENTIFIER = "pe.ourlimm.Gestures-en-IOS";
				PRODUCT_NAME = "$(TARGET_NAME)";
				SWIFT_VERSION = 3.0;
			};
			name = Release;
		};
/* End XCBuildConfiguration section */

/* Begin XCConfigurationList section */
		FBB62EFD1E722794000602C0 /* Build configuration list for PBXProject "Gestures en IOS" */ = {
			isa = XCConfigurationList;
			buildConfigurations = (
				FBB62F121E722794000602C0 /* Debug */,
				FBB62F131E722794000602C0 /* Release */,
			);
			defaultConfigurationIsVisible = 0;
			defaultConfigurationName = Release;
		};
		FBB62F141E722794000602C0 /* Build configuration list for PBXNativeTarget "Gestures en IOS" */ = {
			isa = XCConfigurationList;
			buildConfigurations = (
				FBB62F151E722794000602C0 /* Debug */,
				FBB62F161E722794000602C0 /* Release */,
			);
			defaultConfigurationIsVisible = 0;
			defaultConfigurationName = Release;
		};
/* End XCConfigurationList section */
	};
	rootObject = FBB62EFA1E722794000602C0 /* Project object */;
}
